// !$*UTF8*$!
{
	archiveVersion = 1;
	classes = {
	};
	objectVersion = 55;
	objects = {

/* Begin PBXBuildFile section */
		D5831E5F2729426700179DDA /* ConsWeatherStoryApp.swift in Sources */ = {isa = PBXBuildFile; fileRef = D5831E5E2729426700179DDA /* ConsWeatherStoryApp.swift */; };
		D5831E612729426700179DDA /* ContentView.swift in Sources */ = {isa = PBXBuildFile; fileRef = D5831E602729426700179DDA /* ContentView.swift */; };
		D5831E632729426900179DDA /* Assets.xcassets in Resources */ = {isa = PBXBuildFile; fileRef = D5831E622729426900179DDA /* Assets.xcassets */; };
		D5831E662729426900179DDA /* Preview Assets.xcassets in Resources */ = {isa = PBXBuildFile; fileRef = D5831E652729426900179DDA /* Preview Assets.xcassets */; };
		D5831E702729426900179DDA /* ConsWeatherStoryTests.swift in Sources */ = {isa = PBXBuildFile; fileRef = D5831E6F2729426900179DDA /* ConsWeatherStoryTests.swift */; };
		D5831E7A2729426900179DDA /* ConsWeatherStoryUITests.swift in Sources */ = {isa = PBXBuildFile; fileRef = D5831E792729426900179DDA /* ConsWeatherStoryUITests.swift */; };
		D5831E7C2729426900179DDA /* ConsWeatherStoryUITestsLaunchTests.swift in Sources */ = {isa = PBXBuildFile; fileRef = D5831E7B2729426900179DDA /* ConsWeatherStoryUITestsLaunchTests.swift */; };
/* End PBXBuildFile section */

/* Begin PBXContainerItemProxy section */
		D5831E6C2729426900179DDA /* PBXContainerItemProxy */ = {
			isa = PBXContainerItemProxy;
			containerPortal = D5831E532729426700179DDA /* Project object */;
			proxyType = 1;
			remoteGlobalIDString = D5831E5A2729426700179DDA;
			remoteInfo = ConsWeatherStory;
		};
		D5831E762729426900179DDA /* PBXContainerItemProxy */ = {
			isa = PBXContainerItemProxy;
			containerPortal = D5831E532729426700179DDA /* Project object */;
			proxyType = 1;
			remoteGlobalIDString = D5831E5A2729426700179DDA;
			remoteInfo = ConsWeatherStory;
		};
/* End PBXContainerItemProxy section */

/* Begin PBXFileReference section */
		D5831E5B2729426700179DDA /* ConsWeatherStory.app */ = {isa = PBXFileReference; explicitFileType = wrapper.application; includeInIndex = 0; path = ConsWeatherStory.app; sourceTree = BUILT_PRODUCTS_DIR; };
		D5831E5E2729426700179DDA /* ConsWeatherStoryApp.swift */ = {isa = PBXFileReference; lastKnownFileType = sourcecode.swift; path = ConsWeatherStoryApp.swift; sourceTree = "<group>"; };
		D5831E602729426700179DDA /* ContentView.swift */ = {isa = PBXFileReference; lastKnownFileType = sourcecode.swift; path = ContentView.swift; sourceTree = "<group>"; };
		D5831E622729426900179DDA /* Assets.xcassets */ = {isa = PBXFileReference; lastKnownFileType = folder.assetcatalog; path = Assets.xcassets; sourceTree = "<group>"; };
		D5831E652729426900179DDA /* Preview Assets.xcassets */ = {isa = PBXFileReference; lastKnownFileType = folder.assetcatalog; path = "Preview Assets.xcassets"; sourceTree = "<group>"; };
		D5831E6B2729426900179DDA /* ConsWeatherStoryTests.xctest */ = {isa = PBXFileReference; explicitFileType = wrapper.cfbundle; includeInIndex = 0; path = ConsWeatherStoryTests.xctest; sourceTree = BUILT_PRODUCTS_DIR; };
		D5831E6F2729426900179DDA /* ConsWeatherStoryTests.swift */ = {isa = PBXFileReference; lastKnownFileType = sourcecode.swift; path = ConsWeatherStoryTests.swift; sourceTree = "<group>"; };
		D5831E752729426900179DDA /* ConsWeatherStoryUITests.xctest */ = {isa = PBXFileReference; explicitFileType = wrapper.cfbundle; includeInIndex = 0; path = ConsWeatherStoryUITests.xctest; sourceTree = BUILT_PRODUCTS_DIR; };
		D5831E792729426900179DDA /* ConsWeatherStoryUITests.swift */ = {isa = PBXFileReference; lastKnownFileType = sourcecode.swift; path = ConsWeatherStoryUITests.swift; sourceTree = "<group>"; };
		D5831E7B2729426900179DDA /* ConsWeatherStoryUITestsLaunchTests.swift */ = {isa = PBXFileReference; lastKnownFileType = sourcecode.swift; path = ConsWeatherStoryUITestsLaunchTests.swift; sourceTree = "<group>"; };
/* End PBXFileReference section */

/* Begin PBXFrameworksBuildPhase section */
		D5831E582729426700179DDA /* Frameworks */ = {
			isa = PBXFrameworksBuildPhase;
			buildActionMask = 2147483647;
			files = (
			);
			runOnlyForDeploymentPostprocessing = 0;
		};
		D5831E682729426900179DDA /* Frameworks */ = {
			isa = PBXFrameworksBuildPhase;
			buildActionMask = 2147483647;
			files = (
			);
			runOnlyForDeploymentPostprocessing = 0;
		};
		D5831E722729426900179DDA /* Frameworks */ = {
			isa = PBXFrameworksBuildPhase;
			buildActionMask = 2147483647;
			files = (
			);
			runOnlyForDeploymentPostprocessing = 0;
		};
/* End PBXFrameworksBuildPhase section */

/* Begin PBXGroup section */
		D5831E522729426700179DDA = {
			isa = PBXGroup;
			children = (
				D5831E5D2729426700179DDA /* ConsWeatherStory */,
				D5831E6E2729426900179DDA /* ConsWeatherStoryTests */,
				D5831E782729426900179DDA /* ConsWeatherStoryUITests */,
				D5831E5C2729426700179DDA /* Products */,
			);
			sourceTree = "<group>";
		};
		D5831E5C2729426700179DDA /* Products */ = {
			isa = PBXGroup;
			children = (
				D5831E5B2729426700179DDA /* ConsWeatherStory.app */,
				D5831E6B2729426900179DDA /* ConsWeatherStoryTests.xctest */,
				D5831E752729426900179DDA /* ConsWeatherStoryUITests.xctest */,
			);
			name = Products;
			sourceTree = "<group>";
		};
		D5831E5D2729426700179DDA /* ConsWeatherStory */ = {
			isa = PBXGroup;
			children = (
				D5831E5E2729426700179DDA /* ConsWeatherStoryApp.swift */,
				D5831E602729426700179DDA /* ContentView.swift */,
				D5831E622729426900179DDA /* Assets.xcassets */,
				D5831E642729426900179DDA /* Preview Content */,
			);
			path = ConsWeatherStory;
			sourceTree = "<group>";
		};
		D5831E642729426900179DDA /* Preview Content */ = {
			isa = PBXGroup;
			children = (
				D5831E652729426900179DDA /* Preview Assets.xcassets */,
			);
			path = "Preview Content";
			sourceTree = "<group>";
		};
		D5831E6E2729426900179DDA /* ConsWeatherStoryTests */ = {
			isa = PBXGroup;
			children = (
				D5831E6F2729426900179DDA /* ConsWeatherStoryTests.swift */,
			);
			path = ConsWeatherStoryTests;
			sourceTree = "<group>";
		};
		D5831E782729426900179DDA /* ConsWeatherStoryUITests */ = {
			isa = PBXGroup;
			children = (
				D5831E792729426900179DDA /* ConsWeatherStoryUITests.swift */,
				D5831E7B2729426900179DDA /* ConsWeatherStoryUITestsLaunchTests.swift */,
			);
			path = ConsWeatherStoryUITests;
			sourceTree = "<group>";
		};
/* End PBXGroup section */

/* Begin PBXNativeTarget section */
		D5831E5A2729426700179DDA /* ConsWeatherStory */ = {
			isa = PBXNativeTarget;
			buildConfigurationList = D5831E7F2729426900179DDA /* Build configuration list for PBXNativeTarget "ConsWeatherStory" */;
			buildPhases = (
				D5831E572729426700179DDA /* Sources */,
				D5831E582729426700179DDA /* Frameworks */,
				D5831E592729426700179DDA /* Resources */,
			);
			buildRules = (
			);
			dependencies = (
			);
			name = ConsWeatherStory;
			productName = ConsWeatherStory;
			productReference = D5831E5B2729426700179DDA /* ConsWeatherStory.app */;
			productType = "com.apple.product-type.application";
		};
		D5831E6A2729426900179DDA /* ConsWeatherStoryTests */ = {
			isa = PBXNativeTarget;
			buildConfigurationList = D5831E822729426900179DDA /* Build configuration list for PBXNativeTarget "ConsWeatherStoryTests" */;
			buildPhases = (
				D5831E672729426900179DDA /* Sources */,
				D5831E682729426900179DDA /* Frameworks */,
				D5831E692729426900179DDA /* Resources */,
			);
			buildRules = (
			);
			dependencies = (
				D5831E6D2729426900179DDA /* PBXTargetDependency */,
			);
			name = ConsWeatherStoryTests;
			productName = ConsWeatherStoryTests;
			productReference = D5831E6B2729426900179DDA /* ConsWeatherStoryTests.xctest */;
			productType = "com.apple.product-type.bundle.unit-test";
		};
		D5831E742729426900179DDA /* ConsWeatherStoryUITests */ = {
			isa = PBXNativeTarget;
			buildConfigurationList = D5831E852729426900179DDA /* Build configuration list for PBXNativeTarget "ConsWeatherStoryUITests" */;
			buildPhases = (
				D5831E712729426900179DDA /* Sources */,
				D5831E722729426900179DDA /* Frameworks */,
				D5831E732729426900179DDA /* Resources */,
			);
			buildRules = (
			);
			dependencies = (
				D5831E772729426900179DDA /* PBXTargetDependency */,
			);
			name = ConsWeatherStoryUITests;
			productName = ConsWeatherStoryUITests;
			productReference = D5831E752729426900179DDA /* ConsWeatherStoryUITests.xctest */;
			productType = "com.apple.product-type.bundle.ui-testing";
		};
/* End PBXNativeTarget section */

/* Begin PBXProject section */
		D5831E532729426700179DDA /* Project object */ = {
			isa = PBXProject;
			attributes = {
				BuildIndependentTargetsInParallel = 1;
				LastSwiftUpdateCheck = 1310;
				LastUpgradeCheck = 1310;
				TargetAttributes = {
					D5831E5A2729426700179DDA = {
						CreatedOnToolsVersion = 13.1;
					};
					D5831E6A2729426900179DDA = {
						CreatedOnToolsVersion = 13.1;
						TestTargetID = D5831E5A2729426700179DDA;
					};
					D5831E742729426900179DDA = {
						CreatedOnToolsVersion = 13.1;
						TestTargetID = D5831E5A2729426700179DDA;
					};
				};
			};
			buildConfigurationList = D5831E562729426700179DDA /* Build configuration list for PBXProject "ConsWeatherStory" */;
			compatibilityVersion = "Xcode 13.0";
			developmentRegion = en;
			hasScannedForEncodings = 0;
			knownRegions = (
				en,
				Base,
			);
			mainGroup = D5831E522729426700179DDA;
			productRefGroup = D5831E5C2729426700179DDA /* Products */;
			projectDirPath = "";
			projectRoot = "";
			targets = (
				D5831E5A2729426700179DDA /* ConsWeatherStory */,
				D5831E6A2729426900179DDA /* ConsWeatherStoryTests */,
				D5831E742729426900179DDA /* ConsWeatherStoryUITests */,
			);
		};
/* End PBXProject section */

/* Begin PBXResourcesBuildPhase section */
		D5831E592729426700179DDA /* Resources */ = {
			isa = PBXResourcesBuildPhase;
			buildActionMask = 2147483647;
			files = (
				D5831E662729426900179DDA /* Preview Assets.xcassets in Resources */,
				D5831E632729426900179DDA /* Assets.xcassets in Resources */,
			);
			runOnlyForDeploymentPostprocessing = 0;
		};
		D5831E692729426900179DDA /* Resources */ = {
			isa = PBXResourcesBuildPhase;
			buildActionMask = 2147483647;
			files = (
			);
			runOnlyForDeploymentPostprocessing = 0;
		};
		D5831E732729426900179DDA /* Resources */ = {
			isa = PBXResourcesBuildPhase;
			buildActionMask = 2147483647;
			files = (
			);
			runOnlyForDeploymentPostprocessing = 0;
		};
/* End PBXResourcesBuildPhase section */

/* Begin PBXSourcesBuildPhase section */
		D5831E572729426700179DDA /* Sources */ = {
			isa = PBXSourcesBuildPhase;
			buildActionMask = 2147483647;
			files = (
				D5831E612729426700179DDA /* ContentView.swift in Sources */,
				D5831E5F2729426700179DDA /* ConsWeatherStoryApp.swift in Sources */,
			);
			runOnlyForDeploymentPostprocessing = 0;
		};
		D5831E672729426900179DDA /* Sources */ = {
			isa = PBXSourcesBuildPhase;
			buildActionMask = 2147483647;
			files = (
				D5831E702729426900179DDA /* ConsWeatherStoryTests.swift in Sources */,
			);
			runOnlyForDeploymentPostprocessing = 0;
		};
		D5831E712729426900179DDA /* Sources */ = {
			isa = PBXSourcesBuildPhase;
			buildActionMask = 2147483647;
			files = (
				D5831E7C2729426900179DDA /* ConsWeatherStoryUITestsLaunchTests.swift in Sources */,
				D5831E7A2729426900179DDA /* ConsWeatherStoryUITests.swift in Sources */,
			);
			runOnlyForDeploymentPostprocessing = 0;
		};
/* End PBXSourcesBuildPhase section */

/* Begin PBXTargetDependency section */
		D5831E6D2729426900179DDA /* PBXTargetDependency */ = {
			isa = PBXTargetDependency;
			target = D5831E5A2729426700179DDA /* ConsWeatherStory */;
			targetProxy = D5831E6C2729426900179DDA /* PBXContainerItemProxy */;
		};
		D5831E772729426900179DDA /* PBXTargetDependency */ = {
			isa = PBXTargetDependency;
			target = D5831E5A2729426700179DDA /* ConsWeatherStory */;
			targetProxy = D5831E762729426900179DDA /* PBXContainerItemProxy */;
		};
/* End PBXTargetDependency section */

/* Begin XCBuildConfiguration section */
		D5831E7D2729426900179DDA /* Debug */ = {
			isa = XCBuildConfiguration;
			buildSettings = {
				ALWAYS_SEARCH_USER_PATHS = NO;
				CLANG_ANALYZER_NONNULL = YES;
				CLANG_ANALYZER_NUMBER_OBJECT_CONVERSION = YES_AGGRESSIVE;
				CLANG_CXX_LANGUAGE_STANDARD = "gnu++17";
				CLANG_CXX_LIBRARY = "libc++";
				CLANG_ENABLE_MODULES = YES;
				CLANG_ENABLE_OBJC_ARC = YES;
				CLANG_ENABLE_OBJC_WEAK = YES;
				CLANG_WARN_BLOCK_CAPTURE_AUTORELEASING = YES;
				CLANG_WARN_BOOL_CONVERSION = YES;
				CLANG_WARN_COMMA = YES;
				CLANG_WARN_CONSTANT_CONVERSION = YES;
				CLANG_WARN_DEPRECATED_OBJC_IMPLEMENTATIONS = YES;
				CLANG_WARN_DIRECT_OBJC_ISA_USAGE = YES_ERROR;
				CLANG_WARN_DOCUMENTATION_COMMENTS = YES;
				CLANG_WARN_EMPTY_BODY = YES;
				CLANG_WARN_ENUM_CONVERSION = YES;
				CLANG_WARN_INFINITE_RECURSION = YES;
				CLANG_WARN_INT_CONVERSION = YES;
				CLANG_WARN_NON_LITERAL_NULL_CONVERSION = YES;
				CLANG_WARN_OBJC_IMPLICIT_RETAIN_SELF = YES;
				CLANG_WARN_OBJC_LITERAL_CONVERSION = YES;
				CLANG_WARN_OBJC_ROOT_CLASS = YES_ERROR;
				CLANG_WARN_QUOTED_INCLUDE_IN_FRAMEWORK_HEADER = YES;
				CLANG_WARN_RANGE_LOOP_ANALYSIS = YES;
				CLANG_WARN_STRICT_PROTOTYPES = YES;
				CLANG_WARN_SUSPICIOUS_MOVE = YES;
				CLANG_WARN_UNGUARDED_AVAILABILITY = YES_AGGRESSIVE;
				CLANG_WARN_UNREACHABLE_CODE = YES;
				CLANG_WARN__DUPLICATE_METHOD_MATCH = YES;
				COPY_PHASE_STRIP = NO;
				DEBUG_INFORMATION_FORMAT = dwarf;
				ENABLE_STRICT_OBJC_MSGSEND = YES;
				ENABLE_TESTABILITY = YES;
				GCC_C_LANGUAGE_STANDARD = gnu11;
				GCC_DYNAMIC_NO_PIC = NO;
				GCC_NO_COMMON_BLOCKS = YES;
				GCC_OPTIMIZATION_LEVEL = 0;
				GCC_PREPROCESSOR_DEFINITIONS = (
					"DEBUG=1",
					"$(inherited)",
				);
				GCC_WARN_64_TO_32_BIT_CONVERSION = YES;
				GCC_WARN_ABOUT_RETURN_TYPE = YES_ERROR;
				GCC_WARN_UNDECLARED_SELECTOR = YES;
				GCC_WARN_UNINITIALIZED_AUTOS = YES_AGGRESSIVE;
				GCC_WARN_UNUSED_FUNCTION = YES;
				GCC_WARN_UNUSED_VARIABLE = YES;
				IPHONEOS_DEPLOYMENT_TARGET = 15.0;
				MTL_ENABLE_DEBUG_INFO = INCLUDE_SOURCE;
				MTL_FAST_MATH = YES;
				ONLY_ACTIVE_ARCH = YES;
				SDKROOT = iphoneos;
				SWIFT_ACTIVE_COMPILATION_CONDITIONS = DEBUG;
				SWIFT_OPTIMIZATION_LEVEL = "-Onone";
			};
			name = Debug;
		};
		D5831E7E2729426900179DDA /* Release */ = {
			isa = XCBuildConfiguration;
			buildSettings = {
				ALWAYS_SEARCH_USER_PATHS = NO;
				CLANG_ANALYZER_NONNULL = YES;
				CLANG_ANALYZER_NUMBER_OBJECT_CONVERSION = YES_AGGRESSIVE;
				CLANG_CXX_LANGUAGE_STANDARD = "gnu++17";
				CLANG_CXX_LIBRARY = "libc++";
				CLANG_ENABLE_MODULES = YES;
				CLANG_ENABLE_OBJC_ARC = YES;
				CLANG_ENABLE_OBJC_WEAK = YES;
				CLANG_WARN_BLOCK_CAPTURE_AUTORELEASING = YES;
				CLANG_WARN_BOOL_CONVERSION = YES;
				CLANG_WARN_COMMA = YES;
				CLANG_WARN_CONSTANT_CONVERSION = YES;
				CLANG_WARN_DEPRECATED_OBJC_IMPLEMENTATIONS = YES;
				CLANG_WARN_DIRECT_OBJC_ISA_USAGE = YES_ERROR;
				CLANG_WARN_DOCUMENTATION_COMMENTS = YES;
				CLANG_WARN_EMPTY_BODY = YES;
				CLANG_WARN_ENUM_CONVERSION = YES;
				CLANG_WARN_INFINITE_RECURSION = YES;
				CLANG_WARN_INT_CONVERSION = YES;
				CLANG_WARN_NON_LITERAL_NULL_CONVERSION = YES;
				CLANG_WARN_OBJC_IMPLICIT_RETAIN_SELF = YES;
				CLANG_WARN_OBJC_LITERAL_CONVERSION = YES;
				CLANG_WARN_OBJC_ROOT_CLASS = YES_ERROR;
				CLANG_WARN_QUOTED_INCLUDE_IN_FRAMEWORK_HEADER = YES;
				CLANG_WARN_RANGE_LOOP_ANALYSIS = YES;
				CLANG_WARN_STRICT_PROTOTYPES = YES;
				CLANG_WARN_SUSPICIOUS_MOVE = YES;
				CLANG_WARN_UNGUARDED_AVAILABILITY = YES_AGGRESSIVE;
				CLANG_WARN_UNREACHABLE_CODE = YES;
				CLANG_WARN__DUPLICATE_METHOD_MATCH = YES;
				COPY_PHASE_STRIP = NO;
				DEBUG_INFORMATION_FORMAT = "dwarf-with-dsym";
				ENABLE_NS_ASSERTIONS = NO;
				ENABLE_STRICT_OBJC_MSGSEND = YES;
				GCC_C_LANGUAGE_STANDARD = gnu11;
				GCC_NO_COMMON_BLOCKS = YES;
				GCC_WARN_64_TO_32_BIT_CONVERSION = YES;
				GCC_WARN_ABOUT_RETURN_TYPE = YES_ERROR;
				GCC_WARN_UNDECLARED_SELECTOR = YES;
				GCC_WARN_UNINITIALIZED_AUTOS = YES_AGGRESSIVE;
				GCC_WARN_UNUSED_FUNCTION = YES;
				GCC_WARN_UNUSED_VARIABLE = YES;
				IPHONEOS_DEPLOYMENT_TARGET = 15.0;
				MTL_ENABLE_DEBUG_INFO = NO;
				MTL_FAST_MATH = YES;
				SDKROOT = iphoneos;
				SWIFT_COMPILATION_MODE = wholemodule;
				SWIFT_OPTIMIZATION_LEVEL = "-O";
				VALIDATE_PRODUCT = YES;
			};
			name = Release;
		};
		D5831E802729426900179DDA /* Debug */ = {
			isa = XCBuildConfiguration;
			buildSettings = {
				ASSETCATALOG_COMPILER_APPICON_NAME = AppIcon;
				ASSETCATALOG_COMPILER_GLOBAL_ACCENT_COLOR_NAME = AccentColor;
				CODE_SIGN_STYLE = Automatic;
				CURRENT_PROJECT_VERSION = 1;
				DEVELOPMENT_ASSET_PATHS = "\"ConsWeatherStory/Preview Content\"";
				DEVELOPMENT_TEAM = SCZQ3M4JVY;
				ENABLE_PREVIEWS = YES;
				GENERATE_INFOPLIST_FILE = YES;
				INFOPLIST_KEY_UIApplicationSceneManifest_Generation = YES;
				INFOPLIST_KEY_UIApplicationSupportsIndirectInputEvents = YES;
				INFOPLIST_KEY_UILaunchScreen_Generation = YES;
				INFOPLIST_KEY_UISupportedInterfaceOrientations_iPad = "UIInterfaceOrientationPortrait UIInterfaceOrientationPortraitUpsideDown UIInterfaceOrientationLandscapeLeft UIInterfaceOrientationLandscapeRight";
				INFOPLIST_KEY_UISupportedInterfaceOrientations_iPhone = "UIInterfaceOrientationPortrait UIInterfaceOrientationLandscapeLeft UIInterfaceOrientationLandscapeRight";
				LD_RUNPATH_SEARCH_PATHS = (
					"$(inherited)",
					"@executable_path/Frameworks",
				);
				MARKETING_VERSION = 1.0;
				PRODUCT_BUNDLE_IDENTIFIER = com.nkwxn.ConsWeatherStory;
				PRODUCT_NAME = "$(TARGET_NAME)";
				SWIFT_EMIT_LOC_STRINGS = YES;
				SWIFT_VERSION = 5.0;
				TARGETED_DEVICE_FAMILY = "1,2";
			};
			name = Debug;
		};
		D5831E812729426900179DDA /* Release */ = {
			isa = XCBuildConfiguration;
			buildSettings = {
				ASSETCATALOG_COMPILER_APPICON_NAME = AppIcon;
				ASSETCATALOG_COMPILER_GLOBAL_ACCENT_COLOR_NAME = AccentColor;
				CODE_SIGN_STYLE = Automatic;
				CURRENT_PROJECT_VERSION = 1;
				DEVELOPMENT_ASSET_PATHS = "\"ConsWeatherStory/Preview Content\"";
				DEVELOPMENT_TEAM = SCZQ3M4JVY;
				ENABLE_PREVIEWS = YES;
				GENERATE_INFOPLIST_FILE = YES;
				INFOPLIST_KEY_UIApplicationSceneManifest_Generation = YES;
				INFOPLIST_KEY_UIApplicationSupportsIndirectInputEvents = YES;
				INFOPLIST_KEY_UILaunchScreen_Generation = YES;
				INFOPLIST_KEY_UISupportedInterfaceOrientations_iPad = "UIInterfaceOrientationPortrait UIInterfaceOrientationPortraitUpsideDown UIInterfaceOrientationLandscapeLeft UIInterfaceOrientationLandscapeRight";
				INFOPLIST_KEY_UISupportedInterfaceOrientations_iPhone = "UIInterfaceOrientationPortrait UIInterfaceOrientationLandscapeLeft UIInterfaceOrientationLandscapeRight";
				LD_RUNPATH_SEARCH_PATHS = (
					"$(inherited)",
					"@executable_path/Frameworks",
				);
				MARKETING_VERSION = 1.0;
				PRODUCT_BUNDLE_IDENTIFIER = com.nkwxn.ConsWeatherStory;
				PRODUCT_NAME = "$(TARGET_NAME)";
				SWIFT_EMIT_LOC_STRINGS = YES;
				SWIFT_VERSION = 5.0;
				TARGETED_DEVICE_FAMILY = "1,2";
			};
			name = Release;
		};
		D5831E832729426900179DDA /* Debug */ = {
			isa = XCBuildConfiguration;
			buildSettings = {
				ALWAYS_EMBED_SWIFT_STANDARD_LIBRARIES = YES;
				BUNDLE_LOADER = "$(TEST_HOST)";
				CODE_SIGN_STYLE = Automatic;
				CURRENT_PROJECT_VERSION = 1;
				DEVELOPMENT_TEAM = SCZQ3M4JVY;
				GENERATE_INFOPLIST_FILE = YES;
				IPHONEOS_DEPLOYMENT_TARGET = 15.0;
				LD_RUNPATH_SEARCH_PATHS = (
					"$(inherited)",
					"@executable_path/Frameworks",
					"@loader_path/Frameworks",
				);
				MARKETING_VERSION = 1.0;
				PRODUCT_BUNDLE_IDENTIFIER = com.nkwxn.ConsWeatherStoryTests;
				PRODUCT_NAME = "$(TARGET_NAME)";
				SWIFT_EMIT_LOC_STRINGS = NO;
				SWIFT_VERSION = 5.0;
				TARGETED_DEVICE_FAMILY = "1,2";
				TEST_HOST = "$(BUILT_PRODUCTS_DIR)/ConsWeatherStory.app/ConsWeatherStory";
			};
			name = Debug;
		};
		D5831E842729426900179DDA /* Release */ = {
			isa = XCBuildConfiguration;
			buildSettings = {
				ALWAYS_EMBED_SWIFT_STANDARD_LIBRARIES = YES;
				BUNDLE_LOADER = "$(TEST_HOST)";
				CODE_SIGN_STYLE = Automatic;
				CURRENT_PROJECT_VERSION = 1;
				DEVELOPMENT_TEAM = SCZQ3M4JVY;
				GENERATE_INFOPLIST_FILE = YES;
				IPHONEOS_DEPLOYMENT_TARGET = 15.0;
				LD_RUNPATH_SEARCH_PATHS = (
					"$(inherited)",
					"@executable_path/Frameworks",
					"@loader_path/Frameworks",
				);
				MARKETING_VERSION = 1.0;
				PRODUCT_BUNDLE_IDENTIFIER = com.nkwxn.ConsWeatherStoryTests;
				PRODUCT_NAME = "$(TARGET_NAME)";
				SWIFT_EMIT_LOC_STRINGS = NO;
				SWIFT_VERSION = 5.0;
				TARGETED_DEVICE_FAMILY = "1,2";
				TEST_HOST = "$(BUILT_PRODUCTS_DIR)/ConsWeatherStory.app/ConsWeatherStory";
			};
			name = Release;
		};
		D5831E862729426900179DDA /* Debug */ = {
			isa = XCBuildConfiguration;
			buildSettings = {
				ALWAYS_EMBED_SWIFT_STANDARD_LIBRARIES = YES;
				CODE_SIGN_STYLE = Automatic;
				CURRENT_PROJECT_VERSION = 1;
				DEVELOPMENT_TEAM = SCZQ3M4JVY;
				GENERATE_INFOPLIST_FILE = YES;
				LD_RUNPATH_SEARCH_PATHS = (
					"$(inherited)",
					"@executable_path/Frameworks",
					"@loader_path/Frameworks",
				);
				MARKETING_VERSION = 1.0;
				PRODUCT_BUNDLE_IDENTIFIER = com.nkwxn.ConsWeatherStoryUITests;
				PRODUCT_NAME = "$(TARGET_NAME)";
				SWIFT_EMIT_LOC_STRINGS = NO;
				SWIFT_VERSION = 5.0;
				TARGETED_DEVICE_FAMILY = "1,2";
				TEST_TARGET_NAME = ConsWeatherStory;
			};
			name = Debug;
		};
		D5831E872729426900179DDA /* Release */ = {
			isa = XCBuildConfiguration;
			buildSettings = {
				ALWAYS_EMBED_SWIFT_STANDARD_LIBRARIES = YES;
				CODE_SIGN_STYLE = Automatic;
				CURRENT_PROJECT_VERSION = 1;
				DEVELOPMENT_TEAM = SCZQ3M4JVY;
				GENERATE_INFOPLIST_FILE = YES;
				LD_RUNPATH_SEARCH_PATHS = (
					"$(inherited)",
					"@executable_path/Frameworks",
					"@loader_path/Frameworks",
				);
				MARKETING_VERSION = 1.0;
				PRODUCT_BUNDLE_IDENTIFIER = com.nkwxn.ConsWeatherStoryUITests;
				PRODUCT_NAME = "$(TARGET_NAME)";
				SWIFT_EMIT_LOC_STRINGS = NO;
				SWIFT_VERSION = 5.0;
				TARGETED_DEVICE_FAMILY = "1,2";
				TEST_TARGET_NAME = ConsWeatherStory;
			};
			name = Release;
		};
/* End XCBuildConfiguration section */

/* Begin XCConfigurationList section */
		D5831E562729426700179DDA /* Build configuration list for PBXProject "ConsWeatherStory" */ = {
			isa = XCConfigurationList;
			buildConfigurations = (
				D5831E7D2729426900179DDA /* Debug */,
				D5831E7E2729426900179DDA /* Release */,
			);
			defaultConfigurationIsVisible = 0;
			defaultConfigurationName = Release;
		};
		D5831E7F2729426900179DDA /* Build configuration list for PBXNativeTarget "ConsWeatherStory" */ = {
			isa = XCConfigurationList;
			buildConfigurations = (
				D5831E802729426900179DDA /* Debug */,
				D5831E812729426900179DDA /* Release */,
			);
			defaultConfigurationIsVisible = 0;
			defaultConfigurationName = Release;
		};
		D5831E822729426900179DDA /* Build configuration list for PBXNativeTarget "ConsWeatherStoryTests" */ = {
			isa = XCConfigurationList;
			buildConfigurations = (
				D5831E832729426900179DDA /* Debug */,
				D5831E842729426900179DDA /* Release */,
			);
			defaultConfigurationIsVisible = 0;
			defaultConfigurationName = Release;
		};
		D5831E852729426900179DDA /* Build configuration list for PBXNativeTarget "ConsWeatherStoryUITests" */ = {
			isa = XCConfigurationList;
			buildConfigurations = (
				D5831E862729426900179DDA /* Debug */,
				D5831E872729426900179DDA /* Release */,
			);
			defaultConfigurationIsVisible = 0;
			defaultConfigurationName = Release;
		};
/* End XCConfigurationList section */
	};
	rootObject = D5831E532729426700179DDA /* Project object */;
}
